// !$*UTF8*$!
{
	archiveVersion = 1;
	classes = {
	};
	objectVersion = 55;
	objects = {

/* Begin PBXBuildFile section */
		883A17B228B7EB4300A29D96 /* WebViewController.swift in Sources */ = {isa = PBXBuildFile; fileRef = 883A17B128B7EB4300A29D96 /* WebViewController.swift */; };
		883A17B428B8128200A29D96 /* SavedNewsTableViewController.swift in Sources */ = {isa = PBXBuildFile; fileRef = 883A17B328B8128200A29D96 /* SavedNewsTableViewController.swift */; };
		883A17B628B8146200A29D96 /* SavedNewsTableViewCell.swift in Sources */ = {isa = PBXBuildFile; fileRef = 883A17B528B8146200A29D96 /* SavedNewsTableViewCell.swift */; };
		883D439828BD385B00D019A4 /* CustomPlaceholderView.swift in Sources */ = {isa = PBXBuildFile; fileRef = 883D439728BD385B00D019A4 /* CustomPlaceholderView.swift */; };
		8845153528B6594E004CE14A /* AppDelegate.swift in Sources */ = {isa = PBXBuildFile; fileRef = 8845153428B6594E004CE14A /* AppDelegate.swift */; };
		8845153728B6594E004CE14A /* SceneDelegate.swift in Sources */ = {isa = PBXBuildFile; fileRef = 8845153628B6594E004CE14A /* SceneDelegate.swift */; };
		8845153928B6594E004CE14A /* NewsFeedViewController.swift in Sources */ = {isa = PBXBuildFile; fileRef = 8845153828B6594E004CE14A /* NewsFeedViewController.swift */; };
		8845153C28B6594E004CE14A /* Main.storyboard in Resources */ = {isa = PBXBuildFile; fileRef = 8845153A28B6594E004CE14A /* Main.storyboard */; };
		8845153F28B6594F004CE14A /* NewsApp.xcdatamodeld in Sources */ = {isa = PBXBuildFile; fileRef = 8845153D28B6594F004CE14A /* NewsApp.xcdatamodeld */; };
		8845154128B6595A004CE14A /* Assets.xcassets in Resources */ = {isa = PBXBuildFile; fileRef = 8845154028B6595A004CE14A /* Assets.xcassets */; };
		8845154428B6595A004CE14A /* LaunchScreen.storyboard in Resources */ = {isa = PBXBuildFile; fileRef = 8845154228B6595A004CE14A /* LaunchScreen.storyboard */; };
		8845155228B65B0C004CE14A /* NewsTableViewCell.swift in Sources */ = {isa = PBXBuildFile; fileRef = 8845155128B65B0C004CE14A /* NewsTableViewCell.swift */; };
		8845155428B65C69004CE14A /* NetworkManager.swift in Sources */ = {isa = PBXBuildFile; fileRef = 8845155328B65C69004CE14A /* NetworkManager.swift */; };
		8845155628B65D10004CE14A /* NewsItem.swift in Sources */ = {isa = PBXBuildFile; fileRef = 8845155528B65D10004CE14A /* NewsItem.swift */; };
		8845155928B660FC004CE14A /* SDWebImage in Frameworks */ = {isa = PBXBuildFile; productRef = 8845155828B660FC004CE14A /* SDWebImage */; };
		8845155B28B662E3004CE14A /* DetailViewController.swift in Sources */ = {isa = PBXBuildFile; fileRef = 8845155A28B662E3004CE14A /* DetailViewController.swift */; };
		885EA04728B8CE51006626CE /* CoreDataManager.swift in Sources */ = {isa = PBXBuildFile; fileRef = 885EA04628B8CE51006626CE /* CoreDataManager.swift */; };
		953529D92A9CEAB815668C2A /* Pods_NewsApp.framework in Frameworks */ = {isa = PBXBuildFile; fileRef = E6B7A31F2FC49C852143362E /* Pods_NewsApp.framework */; };
/* End PBXBuildFile section */

/* Begin PBXFileReference section */
		883A17B128B7EB4300A29D96 /* WebViewController.swift */ = {isa = PBXFileReference; lastKnownFileType = sourcecode.swift; path = WebViewController.swift; sourceTree = "<group>"; };
		883A17B328B8128200A29D96 /* SavedNewsTableViewController.swift */ = {isa = PBXFileReference; lastKnownFileType = sourcecode.swift; path = SavedNewsTableViewController.swift; sourceTree = "<group>"; };
		883A17B528B8146200A29D96 /* SavedNewsTableViewCell.swift */ = {isa = PBXFileReference; lastKnownFileType = sourcecode.swift; path = SavedNewsTableViewCell.swift; sourceTree = "<group>"; };
		883D439728BD385B00D019A4 /* CustomPlaceholderView.swift */ = {isa = PBXFileReference; lastKnownFileType = sourcecode.swift; path = CustomPlaceholderView.swift; sourceTree = "<group>"; };
		8845153128B6594E004CE14A /* NewsApp.app */ = {isa = PBXFileReference; explicitFileType = wrapper.application; includeInIndex = 0; path = NewsApp.app; sourceTree = BUILT_PRODUCTS_DIR; };
		8845153428B6594E004CE14A /* AppDelegate.swift */ = {isa = PBXFileReference; lastKnownFileType = sourcecode.swift; path = AppDelegate.swift; sourceTree = "<group>"; };
		8845153628B6594E004CE14A /* SceneDelegate.swift */ = {isa = PBXFileReference; lastKnownFileType = sourcecode.swift; path = SceneDelegate.swift; sourceTree = "<group>"; };
		8845153828B6594E004CE14A /* NewsFeedViewController.swift */ = {isa = PBXFileReference; lastKnownFileType = sourcecode.swift; path = NewsFeedViewController.swift; sourceTree = "<group>"; };
		8845153B28B6594E004CE14A /* Base */ = {isa = PBXFileReference; lastKnownFileType = file.storyboard; name = Base; path = Base.lproj/Main.storyboard; sourceTree = "<group>"; };
		8845153E28B6594F004CE14A /* NewsApp.xcdatamodel */ = {isa = PBXFileReference; lastKnownFileType = wrapper.xcdatamodel; path = NewsApp.xcdatamodel; sourceTree = "<group>"; };
		8845154028B6595A004CE14A /* Assets.xcassets */ = {isa = PBXFileReference; lastKnownFileType = folder.assetcatalog; path = Assets.xcassets; sourceTree = "<group>"; };
		8845154328B6595A004CE14A /* Base */ = {isa = PBXFileReference; lastKnownFileType = file.storyboard; name = Base; path = Base.lproj/LaunchScreen.storyboard; sourceTree = "<group>"; };
		8845154528B6595A004CE14A /* Info.plist */ = {isa = PBXFileReference; lastKnownFileType = text.plist.xml; path = Info.plist; sourceTree = "<group>"; };
		8845155128B65B0C004CE14A /* NewsTableViewCell.swift */ = {isa = PBXFileReference; lastKnownFileType = sourcecode.swift; path = NewsTableViewCell.swift; sourceTree = "<group>"; };
		8845155328B65C69004CE14A /* NetworkManager.swift */ = {isa = PBXFileReference; lastKnownFileType = sourcecode.swift; path = NetworkManager.swift; sourceTree = "<group>"; };
		8845155528B65D10004CE14A /* NewsItem.swift */ = {isa = PBXFileReference; lastKnownFileType = sourcecode.swift; path = NewsItem.swift; sourceTree = "<group>"; };
		8845155A28B662E3004CE14A /* DetailViewController.swift */ = {isa = PBXFileReference; lastKnownFileType = sourcecode.swift; path = DetailViewController.swift; sourceTree = "<group>"; };
		885EA04628B8CE51006626CE /* CoreDataManager.swift */ = {isa = PBXFileReference; lastKnownFileType = sourcecode.swift; path = CoreDataManager.swift; sourceTree = "<group>"; };
		B5A26E099F92A986AD466632 /* Pods-NewsApp.release.xcconfig */ = {isa = PBXFileReference; includeInIndex = 1; lastKnownFileType = text.xcconfig; name = "Pods-NewsApp.release.xcconfig"; path = "Target Support Files/Pods-NewsApp/Pods-NewsApp.release.xcconfig"; sourceTree = "<group>"; };
		E6B7A31F2FC49C852143362E /* Pods_NewsApp.framework */ = {isa = PBXFileReference; explicitFileType = wrapper.framework; includeInIndex = 0; path = Pods_NewsApp.framework; sourceTree = BUILT_PRODUCTS_DIR; };
		F369BEBC250BB8BFB2790BAA /* Pods-NewsApp.debug.xcconfig */ = {isa = PBXFileReference; includeInIndex = 1; lastKnownFileType = text.xcconfig; name = "Pods-NewsApp.debug.xcconfig"; path = "Target Support Files/Pods-NewsApp/Pods-NewsApp.debug.xcconfig"; sourceTree = "<group>"; };
/* End PBXFileReference section */

/* Begin PBXFrameworksBuildPhase section */
		8845152E28B6594E004CE14A /* Frameworks */ = {
			isa = PBXFrameworksBuildPhase;
			buildActionMask = 2147483647;
			files = (
				8845155928B660FC004CE14A /* SDWebImage in Frameworks */,
				953529D92A9CEAB815668C2A /* Pods_NewsApp.framework in Frameworks */,
			);
			runOnlyForDeploymentPostprocessing = 0;
		};
/* End PBXFrameworksBuildPhase section */

/* Begin PBXGroup section */
		056776D9528FA38A7780BDF9 /* Frameworks */ = {
			isa = PBXGroup;
			children = (
				E6B7A31F2FC49C852143362E /* Pods_NewsApp.framework */,
			);
			name = Frameworks;
			sourceTree = "<group>";
		};
		35233C16970CB8DE07772DC7 /* Pods */ = {
			isa = PBXGroup;
			children = (
				F369BEBC250BB8BFB2790BAA /* Pods-NewsApp.debug.xcconfig */,
				B5A26E099F92A986AD466632 /* Pods-NewsApp.release.xcconfig */,
			);
			path = Pods;
			sourceTree = "<group>";
		};
		8845152828B6594E004CE14A = {
			isa = PBXGroup;
			children = (
				8845153328B6594E004CE14A /* NewsApp */,
				8845153228B6594E004CE14A /* Products */,
				35233C16970CB8DE07772DC7 /* Pods */,
				056776D9528FA38A7780BDF9 /* Frameworks */,
			);
			sourceTree = "<group>";
		};
		8845153228B6594E004CE14A /* Products */ = {
			isa = PBXGroup;
			children = (
				8845153128B6594E004CE14A /* NewsApp.app */,
			);
			name = Products;
			sourceTree = "<group>";
		};
		8845153328B6594E004CE14A /* NewsApp */ = {
			isa = PBXGroup;
			children = (
				8845155028B65993004CE14A /* Helper */,
				8845154F28B65984004CE14A /* Extensions */,
				8845154E28B6597E004CE14A /* Model */,
				8845154B28B65964004CE14A /* Delegates */,
				8845154D28B65974004CE14A /* Controller */,
				8845154C28B6596E004CE14A /* View */,
				8845154028B6595A004CE14A /* Assets.xcassets */,
				8845154528B6595A004CE14A /* Info.plist */,
				8845153D28B6594F004CE14A /* NewsApp.xcdatamodeld */,
			);
			path = NewsApp;
			sourceTree = "<group>";
		};
		8845154B28B65964004CE14A /* Delegates */ = {
			isa = PBXGroup;
			children = (
				8845153428B6594E004CE14A /* AppDelegate.swift */,
				8845153628B6594E004CE14A /* SceneDelegate.swift */,
			);
			path = Delegates;
			sourceTree = "<group>";
		};
		8845154C28B6596E004CE14A /* View */ = {
			isa = PBXGroup;
			children = (
				8845153A28B6594E004CE14A /* Main.storyboard */,
				8845154228B6595A004CE14A /* LaunchScreen.storyboard */,
			);
			path = View;
			sourceTree = "<group>";
		};
		8845154D28B65974004CE14A /* Controller */ = {
			isa = PBXGroup;
			children = (
				8845153828B6594E004CE14A /* NewsFeedViewController.swift */,
				8845155128B65B0C004CE14A /* NewsTableViewCell.swift */,
				8845155A28B662E3004CE14A /* DetailViewController.swift */,
				883A17B128B7EB4300A29D96 /* WebViewController.swift */,
				883A17B328B8128200A29D96 /* SavedNewsTableViewController.swift */,
				883A17B528B8146200A29D96 /* SavedNewsTableViewCell.swift */,
				883D439728BD385B00D019A4 /* CustomPlaceholderView.swift */,
			);
			path = Controller;
			sourceTree = "<group>";
		};
		8845154E28B6597E004CE14A /* Model */ = {
			isa = PBXGroup;
			children = (
				8845155528B65D10004CE14A /* NewsItem.swift */,
			);
			path = Model;
			sourceTree = "<group>";
		};
		8845154F28B65984004CE14A /* Extensions */ = {
			isa = PBXGroup;
			children = (
			);
			path = Extensions;
			sourceTree = "<group>";
		};
		8845155028B65993004CE14A /* Helper */ = {
			isa = PBXGroup;
			children = (
				8845155328B65C69004CE14A /* NetworkManager.swift */,
				885EA04628B8CE51006626CE /* CoreDataManager.swift */,
			);
			path = Helper;
			sourceTree = "<group>";
		};
/* End PBXGroup section */

/* Begin PBXNativeTarget section */
		8845153028B6594E004CE14A /* NewsApp */ = {
			isa = PBXNativeTarget;
			buildConfigurationList = 8845154828B6595A004CE14A /* Build configuration list for PBXNativeTarget "NewsApp" */;
			buildPhases = (
				06D2C25BF075C2D4F48832C7 /* [CP] Check Pods Manifest.lock */,
				8845152D28B6594E004CE14A /* Sources */,
				8845152E28B6594E004CE14A /* Frameworks */,
				8845152F28B6594E004CE14A /* Resources */,
				AA05A9F487CEA150A2D75B8F /* [CP] Embed Pods Frameworks */,
			);
			buildRules = (
			);
			dependencies = (
			);
			name = NewsApp;
			packageProductDependencies = (
				8845155828B660FC004CE14A /* SDWebImage */,
			);
			productName = NewsApp;
			productReference = 8845153128B6594E004CE14A /* NewsApp.app */;
			productType = "com.apple.product-type.application";
		};
/* End PBXNativeTarget section */

/* Begin PBXProject section */
		8845152928B6594E004CE14A /* Project object */ = {
			isa = PBXProject;
			attributes = {
				BuildIndependentTargetsInParallel = 1;
				LastSwiftUpdateCheck = 1340;
				LastUpgradeCheck = 1340;
				TargetAttributes = {
					8845153028B6594E004CE14A = {
						CreatedOnToolsVersion = 13.4.1;
					};
				};
			};
			buildConfigurationList = 8845152C28B6594E004CE14A /* Build configuration list for PBXProject "NewsApp" */;
			compatibilityVersion = "Xcode 13.0";
			developmentRegion = en;
			hasScannedForEncodings = 0;
			knownRegions = (
				en,
				Base,
			);
			mainGroup = 8845152828B6594E004CE14A;
			packageReferences = (
				8845155728B660FB004CE14A /* XCRemoteSwiftPackageReference "SDWebImage" */,
			);
			productRefGroup = 8845153228B6594E004CE14A /* Products */;
			projectDirPath = "";
			projectRoot = "";
			targets = (
				8845153028B6594E004CE14A /* NewsApp */,
			);
		};
/* End PBXProject section */

/* Begin PBXResourcesBuildPhase section */
		8845152F28B6594E004CE14A /* Resources */ = {
			isa = PBXResourcesBuildPhase;
			buildActionMask = 2147483647;
			files = (
				8845154428B6595A004CE14A /* LaunchScreen.storyboard in Resources */,
				8845154128B6595A004CE14A /* Assets.xcassets in Resources */,
				8845153C28B6594E004CE14A /* Main.storyboard in Resources */,
			);
			runOnlyForDeploymentPostprocessing = 0;
		};
/* End PBXResourcesBuildPhase section */

/* Begin PBXShellScriptBuildPhase section */
		06D2C25BF075C2D4F48832C7 /* [CP] Check Pods Manifest.lock */ = {
			isa = PBXShellScriptBuildPhase;
			buildActionMask = 2147483647;
			files = (
			);
			inputFileListPaths = (
			);
			inputPaths = (
				"${PODS_PODFILE_DIR_PATH}/Podfile.lock",
				"${PODS_ROOT}/Manifest.lock",
			);
			name = "[CP] Check Pods Manifest.lock";
			outputFileListPaths = (
			);
			outputPaths = (
				"$(DERIVED_FILE_DIR)/Pods-NewsApp-checkManifestLockResult.txt",
			);
			runOnlyForDeploymentPostprocessing = 0;
			shellPath = /bin/sh;
			shellScript = "diff \"${PODS_PODFILE_DIR_PATH}/Podfile.lock\" \"${PODS_ROOT}/Manifest.lock\" > /dev/null\nif [ $? != 0 ] ; then\n    # print error to STDERR\n    echo \"error: The sandbox is not in sync with the Podfile.lock. Run 'pod install' or update your CocoaPods installation.\" >&2\n    exit 1\nfi\n# This output is used by Xcode 'outputs' to avoid re-running this script phase.\necho \"SUCCESS\" > \"${SCRIPT_OUTPUT_FILE_0}\"\n";
			showEnvVarsInLog = 0;
		};
		AA05A9F487CEA150A2D75B8F /* [CP] Embed Pods Frameworks */ = {
			isa = PBXShellScriptBuildPhase;
			buildActionMask = 2147483647;
			files = (
			);
			inputFileListPaths = (
				"${PODS_ROOT}/Target Support Files/Pods-NewsApp/Pods-NewsApp-frameworks-${CONFIGURATION}-input-files.xcfilelist",
			);
			name = "[CP] Embed Pods Frameworks";
			outputFileListPaths = (
				"${PODS_ROOT}/Target Support Files/Pods-NewsApp/Pods-NewsApp-frameworks-${CONFIGURATION}-output-files.xcfilelist",
			);
			runOnlyForDeploymentPostprocessing = 0;
			shellPath = /bin/sh;
			shellScript = "\"${PODS_ROOT}/Target Support Files/Pods-NewsApp/Pods-NewsApp-frameworks.sh\"\n";
			showEnvVarsInLog = 0;
		};
/* End PBXShellScriptBuildPhase section */

/* Begin PBXSourcesBuildPhase section */
		8845152D28B6594E004CE14A /* Sources */ = {
			isa = PBXSourcesBuildPhase;
			buildActionMask = 2147483647;
			files = (
				8845155428B65C69004CE14A /* NetworkManager.swift in Sources */,
				883A17B428B8128200A29D96 /* SavedNewsTableViewController.swift in Sources */,
				883A17B228B7EB4300A29D96 /* WebViewController.swift in Sources */,
				8845155628B65D10004CE14A /* NewsItem.swift in Sources */,
				8845153928B6594E004CE14A /* NewsFeedViewController.swift in Sources */,
				8845153528B6594E004CE14A /* AppDelegate.swift in Sources */,
				885EA04728B8CE51006626CE /* CoreDataManager.swift in Sources */,
				883D439828BD385B00D019A4 /* CustomPlaceholderView.swift in Sources */,
				8845155228B65B0C004CE14A /* NewsTableViewCell.swift in Sources */,
				8845153F28B6594F004CE14A /* NewsApp.xcdatamodeld in Sources */,
				883A17B628B8146200A29D96 /* SavedNewsTableViewCell.swift in Sources */,
				8845153728B6594E004CE14A /* SceneDelegate.swift in Sources */,
				8845155B28B662E3004CE14A /* DetailViewController.swift in Sources */,
			);
			runOnlyForDeploymentPostprocessing = 0;
		};
/* End PBXSourcesBuildPhase section */

/* Begin PBXVariantGroup section */
		8845153A28B6594E004CE14A /* Main.storyboard */ = {
			isa = PBXVariantGroup;
			children = (
				8845153B28B6594E004CE14A /* Base */,
			);
			name = Main.storyboard;
			sourceTree = "<group>";
		};
		8845154228B6595A004CE14A /* LaunchScreen.storyboard */ = {
			isa = PBXVariantGroup;
			children = (
				8845154328B6595A004CE14A /* Base */,
			);
			name = LaunchScreen.storyboard;
			sourceTree = "<group>";
		};
/* End PBXVariantGroup section */

/* Begin XCBuildConfiguration section */
		8845154628B6595A004CE14A /* Debug */ = {
			isa = XCBuildConfiguration;
			buildSettings = {
				ALWAYS_SEARCH_USER_PATHS = NO;
				CLANG_ANALYZER_NONNULL = YES;
				CLANG_ANALYZER_NUMBER_OBJECT_CONVERSION = YES_AGGRESSIVE;
				CLANG_CXX_LANGUAGE_STANDARD = "gnu++17";
				CLANG_ENABLE_MODULES = YES;
				CLANG_ENABLE_OBJC_ARC = YES;
				CLANG_ENABLE_OBJC_WEAK = YES;
				CLANG_WARN_BLOCK_CAPTURE_AUTORELEASING = YES;
				CLANG_WARN_BOOL_CONVERSION = YES;
				CLANG_WARN_COMMA = YES;
				CLANG_WARN_CONSTANT_CONVERSION = YES;
				CLANG_WARN_DEPRECATED_OBJC_IMPLEMENTATIONS = YES;
				CLANG_WARN_DIRECT_OBJC_ISA_USAGE = YES_ERROR;
				CLANG_WARN_DOCUMENTATION_COMMENTS = YES;
				CLANG_WARN_EMPTY_BODY = YES;
				CLANG_WARN_ENUM_CONVERSION = YES;
				CLANG_WARN_INFINITE_RECURSION = YES;
				CLANG_WARN_INT_CONVERSION = YES;
				CLANG_WARN_NON_LITERAL_NULL_CONVERSION = YES;
				CLANG_WARN_OBJC_IMPLICIT_RETAIN_SELF = YES;
				CLANG_WARN_OBJC_LITERAL_CONVERSION = YES;
				CLANG_WARN_OBJC_ROOT_CLASS = YES_ERROR;
				CLANG_WARN_QUOTED_INCLUDE_IN_FRAMEWORK_HEADER = YES;
				CLANG_WARN_RANGE_LOOP_ANALYSIS = YES;
				CLANG_WARN_STRICT_PROTOTYPES = YES;
				CLANG_WARN_SUSPICIOUS_MOVE = YES;
				CLANG_WARN_UNGUARDED_AVAILABILITY = YES_AGGRESSIVE;
				CLANG_WARN_UNREACHABLE_CODE = YES;
				CLANG_WARN__DUPLICATE_METHOD_MATCH = YES;
				COPY_PHASE_STRIP = NO;
				DEBUG_INFORMATION_FORMAT = dwarf;
				ENABLE_STRICT_OBJC_MSGSEND = YES;
				ENABLE_TESTABILITY = YES;
				GCC_C_LANGUAGE_STANDARD = gnu11;
				GCC_DYNAMIC_NO_PIC = NO;
				GCC_NO_COMMON_BLOCKS = YES;
				GCC_OPTIMIZATION_LEVEL = 0;
				GCC_PREPROCESSOR_DEFINITIONS = (
					"DEBUG=1",
					"$(inherited)",
				);
				GCC_WARN_64_TO_32_BIT_CONVERSION = YES;
				GCC_WARN_ABOUT_RETURN_TYPE = YES_ERROR;
				GCC_WARN_UNDECLARED_SELECTOR = YES;
				GCC_WARN_UNINITIALIZED_AUTOS = YES_AGGRESSIVE;
				GCC_WARN_UNUSED_FUNCTION = YES;
				GCC_WARN_UNUSED_VARIABLE = YES;
				IPHONEOS_DEPLOYMENT_TARGET = 15.5;
				MTL_ENABLE_DEBUG_INFO = INCLUDE_SOURCE;
				MTL_FAST_MATH = YES;
				ONLY_ACTIVE_ARCH = YES;
				SDKROOT = iphoneos;
				SWIFT_ACTIVE_COMPILATION_CONDITIONS = DEBUG;
				SWIFT_OPTIMIZATION_LEVEL = "-Onone";
			};
			name = Debug;
		};
		8845154728B6595A004CE14A /* Release */ = {
			isa = XCBuildConfiguration;
			buildSettings = {
				ALWAYS_SEARCH_USER_PATHS = NO;
				CLANG_ANALYZER_NONNULL = YES;
				CLANG_ANALYZER_NUMBER_OBJECT_CONVERSION = YES_AGGRESSIVE;
				CLANG_CXX_LANGUAGE_STANDARD = "gnu++17";
				CLANG_ENABLE_MODULES = YES;
				CLANG_ENABLE_OBJC_ARC = YES;
				CLANG_ENABLE_OBJC_WEAK = YES;
				CLANG_WARN_BLOCK_CAPTURE_AUTORELEASING = YES;
				CLANG_WARN_BOOL_CONVERSION = YES;
				CLANG_WARN_COMMA = YES;
				CLANG_WARN_CONSTANT_CONVERSION = YES;
				CLANG_WARN_DEPRECATED_OBJC_IMPLEMENTATIONS = YES;
				CLANG_WARN_DIRECT_OBJC_ISA_USAGE = YES_ERROR;
				CLANG_WARN_DOCUMENTATION_COMMENTS = YES;
				CLANG_WARN_EMPTY_BODY = YES;
				CLANG_WARN_ENUM_CONVERSION = YES;
				CLANG_WARN_INFINITE_RECURSION = YES;
				CLANG_WARN_INT_CONVERSION = YES;
				CLANG_WARN_NON_LITERAL_NULL_CONVERSION = YES;
				CLANG_WARN_OBJC_IMPLICIT_RETAIN_SELF = YES;
				CLANG_WARN_OBJC_LITERAL_CONVERSION = YES;
				CLANG_WARN_OBJC_ROOT_CLASS = YES_ERROR;
				CLANG_WARN_QUOTED_INCLUDE_IN_FRAMEWORK_HEADER = YES;
				CLANG_WARN_RANGE_LOOP_ANALYSIS = YES;
				CLANG_WARN_STRICT_PROTOTYPES = YES;
				CLANG_WARN_SUSPICIOUS_MOVE = YES;
				CLANG_WARN_UNGUARDED_AVAILABILITY = YES_AGGRESSIVE;
				CLANG_WARN_UNREACHABLE_CODE = YES;
				CLANG_WARN__DUPLICATE_METHOD_MATCH = YES;
				COPY_PHASE_STRIP = NO;
				DEBUG_INFORMATION_FORMAT = "dwarf-with-dsym";
				ENABLE_NS_ASSERTIONS = NO;
				ENABLE_STRICT_OBJC_MSGSEND = YES;
				GCC_C_LANGUAGE_STANDARD = gnu11;
				GCC_NO_COMMON_BLOCKS = YES;
				GCC_WARN_64_TO_32_BIT_CONVERSION = YES;
				GCC_WARN_ABOUT_RETURN_TYPE = YES_ERROR;
				GCC_WARN_UNDECLARED_SELECTOR = YES;
				GCC_WARN_UNINITIALIZED_AUTOS = YES_AGGRESSIVE;
				GCC_WARN_UNUSED_FUNCTION = YES;
				GCC_WARN_UNUSED_VARIABLE = YES;
				IPHONEOS_DEPLOYMENT_TARGET = 15.5;
				MTL_ENABLE_DEBUG_INFO = NO;
				MTL_FAST_MATH = YES;
				SDKROOT = iphoneos;
				SWIFT_COMPILATION_MODE = wholemodule;
				SWIFT_OPTIMIZATION_LEVEL = "-O";
				VALIDATE_PRODUCT = YES;
			};
			name = Release;
		};
		8845154928B6595A004CE14A /* Debug */ = {
			isa = XCBuildConfiguration;
			baseConfigurationReference = F369BEBC250BB8BFB2790BAA /* Pods-NewsApp.debug.xcconfig */;
			buildSettings = {
				ASSETCATALOG_COMPILER_APPICON_NAME = AppIcon;
				ASSETCATALOG_COMPILER_GLOBAL_ACCENT_COLOR_NAME = AccentColor;
				CODE_SIGN_STYLE = Automatic;
				CURRENT_PROJECT_VERSION = 1;
				GENERATE_INFOPLIST_FILE = YES;
				INFOPLIST_FILE = NewsApp/Info.plist;
				INFOPLIST_KEY_UIApplicationSupportsIndirectInputEvents = YES;
				INFOPLIST_KEY_UILaunchStoryboardName = LaunchScreen;
				INFOPLIST_KEY_UIMainStoryboardFile = Main;
				INFOPLIST_KEY_UISupportedInterfaceOrientations_iPad = "UIInterfaceOrientationPortrait UIInterfaceOrientationPortraitUpsideDown UIInterfaceOrientationLandscapeLeft UIInterfaceOrientationLandscapeRight";
				INFOPLIST_KEY_UISupportedInterfaceOrientations_iPhone = "UIInterfaceOrientationPortrait UIInterfaceOrientationLandscapeLeft UIInterfaceOrientationLandscapeRight";
				LD_RUNPATH_SEARCH_PATHS = (
					"$(inherited)",
					"@executable_path/Frameworks",
				);
				MARKETING_VERSION = 1.0;
				PRODUCT_BUNDLE_IDENTIFIER = ElEdgo.NewsApp;
				PRODUCT_NAME = "$(TARGET_NAME)";
				SWIFT_EMIT_LOC_STRINGS = YES;
				SWIFT_VERSION = 5.0;
				TARGETED_DEVICE_FAMILY = "1,2";
			};
			name = Debug;
		};
		8845154A28B6595A004CE14A /* Release */ = {
			isa = XCBuildConfiguration;
			baseConfigurationReference = B5A26E099F92A986AD466632 /* Pods-NewsApp.release.xcconfig */;
			buildSettings = {
				ASSETCATALOG_COMPILER_APPICON_NAME = AppIcon;
				ASSETCATALOG_COMPILER_GLOBAL_ACCENT_COLOR_NAME = AccentColor;
				CODE_SIGN_STYLE = Automatic;
				CURRENT_PROJECT_VERSION = 1;
				GENERATE_INFOPLIST_FILE = YES;
				INFOPLIST_FILE = NewsApp/Info.plist;
				INFOPLIST_KEY_UIApplicationSupportsIndirectInputEvents = YES;
				INFOPLIST_KEY_UILaunchStoryboardName = LaunchScreen;
				INFOPLIST_KEY_UIMainStoryboardFile = Main;
				INFOPLIST_KEY_UISupportedInterfaceOrientations_iPad = "UIInterfaceOrientationPortrait UIInterfaceOrientationPortraitUpsideDown UIInterfaceOrientationLandscapeLeft UIInterfaceOrientationLandscapeRight";
				INFOPLIST_KEY_UISupportedInterfaceOrientations_iPhone = "UIInterfaceOrientationPortrait UIInterfaceOrientationLandscapeLeft UIInterfaceOrientationLandscapeRight";
				LD_RUNPATH_SEARCH_PATHS = (
					"$(inherited)",
					"@executable_path/Frameworks",
				);
				MARKETING_VERSION = 1.0;
				PRODUCT_BUNDLE_IDENTIFIER = ElEdgo.NewsApp;
				PRODUCT_NAME = "$(TARGET_NAME)";
				SWIFT_EMIT_LOC_STRINGS = YES;
				SWIFT_VERSION = 5.0;
				TARGETED_DEVICE_FAMILY = "1,2";
			};
			name = Release;
		};
/* End XCBuildConfiguration section */

/* Begin XCConfigurationList section */
		8845152C28B6594E004CE14A /* Build configuration list for PBXProject "NewsApp" */ = {
			isa = XCConfigurationList;
			buildConfigurations = (
				8845154628B6595A004CE14A /* Debug */,
				8845154728B6595A004CE14A /* Release */,
			);
			defaultConfigurationIsVisible = 0;
			defaultConfigurationName = Release;
		};
		8845154828B6595A004CE14A /* Build configuration list for PBXNativeTarget "NewsApp" */ = {
			isa = XCConfigurationList;
			buildConfigurations = (
				8845154928B6595A004CE14A /* Debug */,
				8845154A28B6595A004CE14A /* Release */,
			);
			defaultConfigurationIsVisible = 0;
			defaultConfigurationName = Release;
		};
/* End XCConfigurationList section */

/* Begin XCRemoteSwiftPackageReference section */
		8845155728B660FB004CE14A /* XCRemoteSwiftPackageReference "SDWebImage" */ = {
			isa = XCRemoteSwiftPackageReference;
			repositoryURL = "https://github.com/SDWebImage/SDWebImage";
			requirement = {
				branch = master;
				kind = branch;
			};
		};
/* End XCRemoteSwiftPackageReference section */

/* Begin XCSwiftPackageProductDependency section */
		8845155828B660FC004CE14A /* SDWebImage */ = {
			isa = XCSwiftPackageProductDependency;
			package = 8845155728B660FB004CE14A /* XCRemoteSwiftPackageReference "SDWebImage" */;
			productName = SDWebImage;
		};
/* End XCSwiftPackageProductDependency section */

/* Begin XCVersionGroup section */
		8845153D28B6594F004CE14A /* NewsApp.xcdatamodeld */ = {
			isa = XCVersionGroup;
			children = (
				8845153E28B6594F004CE14A /* NewsApp.xcdatamodel */,
			);
			currentVersion = 8845153E28B6594F004CE14A /* NewsApp.xcdatamodel */;
			path = NewsApp.xcdatamodeld;
			sourceTree = "<group>";
			versionGroupType = wrapper.xcdatamodel;
		};
/* End XCVersionGroup section */
	};
	rootObject = 8845152928B6594E004CE14A /* Project object */;
}
